
Microsoft Visual Studio Solution File, Format Version 12.00
# Visual Studio 2012
Project("{8BC9CEB8-8B4A-11D0-8D11-00A0C91BC942}") = "gtest", "gtest\gtest.vcxproj", "{F1D27872-D99E-4536-9A2F-6E14A7595993}"
EndProject
Project("{8BC9CEB8-8B4A-11D0-8D11-00A0C91BC942}") = "Dame", "Dame\Dame.vcxproj", "{E1CC48E2-F2C5-4E99-9983-0D27E86C999F}"
	ProjectSection(ProjectDependencies) = postProject
		{F1D27872-D99E-4536-9A2F-6E14A7595993} = {F1D27872-D99E-4536-9A2F-6E14A7595993}
	EndProjectSection
EndProject
Global
	GlobalSection(SolutionConfigurationPlatforms) = preSolution
		Debug|Win32 = Debug|Win32
		Release|Win32 = Release|Win32
	EndGlobalSection
	GlobalSection(ProjectConfigurationPlatforms) = postSolution
		{F1D27872-D99E-4536-9A2F-6E14A7595993}.Debug|Win32.ActiveCfg = Debug|Win32
		{F1D27872-D99E-4536-9A2F-6E14A7595993}.Debug|Win32.Build.0 = Debug|Win32
		{F1D27872-D99E-4536-9A2F-6E14A7595993}.Release|Win32.ActiveCfg = Release|Win32
		{F1D27872-D99E-4536-9A2F-6E14A7595993}.Release|Win32.Build.0 = Release|Win32
		{E1CC48E2-F2C5-4E99-9983-0D27E86C999F}.Debug|Win32.ActiveCfg = Debug|Win32
		{E1CC48E2-F2C5-4E99-9983-0D27E86C999F}.Debug|Win32.Build.0 = Debug|Win32
		{E1CC48E2-F2C5-4E99-9983-0D27E86C999F}.Release|Win32.ActiveCfg = Release|Win32
		{E1CC48E2-F2C5-4E99-9983-0D27E86C999F}.Release|Win32.Build.0 = Release|Win32
	EndGlobalSection
	GlobalSection(SolutionProperties) = preSolution
		HideSolutionNode = FALSE
	EndGlobalSection
EndGlobal
